
Microsoft Visual Studio Solution File, Format Version 12.00
# Visual Studio Version 16
VisualStudioVersion = 16.0.30804.86
MinimumVisualStudioVersion = 10.0.40219.1
Project("{FAE04EC0-301F-11D3-BF4B-00C04F79EFBC}") = "WebJob1", "WebJob1\WebJob1.csproj", "{913E00F4-4C37-47A6-9046-F69C1CEBE644}"
EndProject
Global
	GlobalSection(SolutionConfigurationPlatforms) = preSolution
		Debug|Any CPU = Debug|Any CPU
		Release|Any CPU = Release|Any CPU
	EndGlobalSection
	GlobalSection(ProjectConfigurationPlatforms) = postSolution
		{913E00F4-4C37-47A6-9046-F69C1CEBE644}.Debug|Any CPU.ActiveCfg = Debug|Any CPU
		{913E00F4-4C37-47A6-9046-F69C1CEBE644}.Debug|Any CPU.Build.0 = Debug|Any CPU
		{913E00F4-4C37-47A6-9046-F69C1CEBE644}.Release|Any CPU.ActiveCfg = Release|Any CPU
		{913E00F4-4C37-47A6-9046-F69C1CEBE644}.Release|Any CPU.Build.0 = Release|Any CPU
	EndGlobalSection
	GlobalSection(SolutionProperties) = preSolution
		HideSolutionNode = FALSE
	EndGlobalSection
	GlobalSection(ExtensibilityGlobals) = postSolution
		SolutionGuid = {E7BA4A4C-3783-499F-8C23-9419693D3192}
	EndGlobalSection
EndGlobal
